// !$*UTF8*$!
{
	archiveVersion = 1;
	classes = {
	};
	objectVersion = 55;
	objects = {

/* Begin PBXBuildFile section */
		B56ED13627EBC4D60086A2FD /* NewsAppApp.swift in Sources */ = {isa = PBXBuildFile; fileRef = B56ED13527EBC4D60086A2FD /* NewsAppApp.swift */; };
		B56ED13827EBC4D60086A2FD /* ContentView.swift in Sources */ = {isa = PBXBuildFile; fileRef = B56ED13727EBC4D60086A2FD /* ContentView.swift */; };
		B56ED13A27EBC4D70086A2FD /* Assets.xcassets in Resources */ = {isa = PBXBuildFile; fileRef = B56ED13927EBC4D70086A2FD /* Assets.xcassets */; };
		B56ED13D27EBC4D70086A2FD /* Preview Assets.xcassets in Resources */ = {isa = PBXBuildFile; fileRef = B56ED13C27EBC4D70086A2FD /* Preview Assets.xcassets */; };
		B56ED14927EBC6F30086A2FD /* NewsAPI.swift in Sources */ = {isa = PBXBuildFile; fileRef = B56ED14827EBC6F30086A2FD /* NewsAPI.swift */; };
		B56ED14B27EBC8CD0086A2FD /* Category.swift in Sources */ = {isa = PBXBuildFile; fileRef = B56ED14A27EBC8CD0086A2FD /* Category.swift */; };
		B56ED14D27EBC8D30086A2FD /* Article.swift in Sources */ = {isa = PBXBuildFile; fileRef = B56ED14C27EBC8D30086A2FD /* Article.swift */; };
		B56ED14F27EBC8DD0086A2FD /* NewsAPIResponse.swift in Sources */ = {isa = PBXBuildFile; fileRef = B56ED14E27EBC8DD0086A2FD /* NewsAPIResponse.swift */; };
		B56ED15127EBC8E50086A2FD /* DataStore.swift in Sources */ = {isa = PBXBuildFile; fileRef = B56ED15027EBC8E50086A2FD /* DataStore.swift */; };
		B56ED15327EBD9C70086A2FD /* ArticleNewsViewModel.swift in Sources */ = {isa = PBXBuildFile; fileRef = B56ED15227EBD9C70086A2FD /* ArticleNewsViewModel.swift */; };
		B56ED15527EBD9D50086A2FD /* ArticleBookMarkViewModel.swift in Sources */ = {isa = PBXBuildFile; fileRef = B56ED15427EBD9D50086A2FD /* ArticleBookMarkViewModel.swift */; };
		B56ED15727EBD9E20086A2FD /* ArticleSearchViewModel.swift in Sources */ = {isa = PBXBuildFile; fileRef = B56ED15627EBD9E20086A2FD /* ArticleSearchViewModel.swift */; };
		B56ED15C27EBF9720086A2FD /* news.json in Resources */ = {isa = PBXBuildFile; fileRef = B56ED15B27EBF9720086A2FD /* news.json */; };
/* End PBXBuildFile section */

/* Begin PBXFileReference section */
		B56ED13227EBC4D60086A2FD /* NewsApp.app */ = {isa = PBXFileReference; explicitFileType = wrapper.application; includeInIndex = 0; path = NewsApp.app; sourceTree = BUILT_PRODUCTS_DIR; };
		B56ED13527EBC4D60086A2FD /* NewsAppApp.swift */ = {isa = PBXFileReference; lastKnownFileType = sourcecode.swift; path = NewsAppApp.swift; sourceTree = "<group>"; };
		B56ED13727EBC4D60086A2FD /* ContentView.swift */ = {isa = PBXFileReference; lastKnownFileType = sourcecode.swift; path = ContentView.swift; sourceTree = "<group>"; };
		B56ED13927EBC4D70086A2FD /* Assets.xcassets */ = {isa = PBXFileReference; lastKnownFileType = folder.assetcatalog; path = Assets.xcassets; sourceTree = "<group>"; };
		B56ED13C27EBC4D70086A2FD /* Preview Assets.xcassets */ = {isa = PBXFileReference; lastKnownFileType = folder.assetcatalog; path = "Preview Assets.xcassets"; sourceTree = "<group>"; };
		B56ED14827EBC6F30086A2FD /* NewsAPI.swift */ = {isa = PBXFileReference; lastKnownFileType = sourcecode.swift; path = NewsAPI.swift; sourceTree = "<group>"; };
		B56ED14A27EBC8CD0086A2FD /* Category.swift */ = {isa = PBXFileReference; lastKnownFileType = sourcecode.swift; path = Category.swift; sourceTree = "<group>"; };
		B56ED14C27EBC8D30086A2FD /* Article.swift */ = {isa = PBXFileReference; lastKnownFileType = sourcecode.swift; path = Article.swift; sourceTree = "<group>"; };
		B56ED14E27EBC8DD0086A2FD /* NewsAPIResponse.swift */ = {isa = PBXFileReference; lastKnownFileType = sourcecode.swift; path = NewsAPIResponse.swift; sourceTree = "<group>"; };
		B56ED15027EBC8E50086A2FD /* DataStore.swift */ = {isa = PBXFileReference; lastKnownFileType = sourcecode.swift; path = DataStore.swift; sourceTree = "<group>"; };
		B56ED15227EBD9C70086A2FD /* ArticleNewsViewModel.swift */ = {isa = PBXFileReference; lastKnownFileType = sourcecode.swift; path = ArticleNewsViewModel.swift; sourceTree = "<group>"; };
		B56ED15427EBD9D50086A2FD /* ArticleBookMarkViewModel.swift */ = {isa = PBXFileReference; lastKnownFileType = sourcecode.swift; path = ArticleBookMarkViewModel.swift; sourceTree = "<group>"; };
		B56ED15627EBD9E20086A2FD /* ArticleSearchViewModel.swift */ = {isa = PBXFileReference; lastKnownFileType = sourcecode.swift; path = ArticleSearchViewModel.swift; sourceTree = "<group>"; };
		B56ED15B27EBF9720086A2FD /* news.json */ = {isa = PBXFileReference; fileEncoding = 4; lastKnownFileType = text.json; path = news.json; sourceTree = "<group>"; };
/* End PBXFileReference section */

/* Begin PBXFrameworksBuildPhase section */
		B56ED12F27EBC4D60086A2FD /* Frameworks */ = {
			isa = PBXFrameworksBuildPhase;
			buildActionMask = 2147483647;
			files = (
			);
			runOnlyForDeploymentPostprocessing = 0;
		};
/* End PBXFrameworksBuildPhase section */

/* Begin PBXGroup section */
		B56ED12927EBC4D60086A2FD = {
			isa = PBXGroup;
			children = (
				B56ED13427EBC4D60086A2FD /* NewsApp */,
				B56ED13327EBC4D60086A2FD /* Products */,
			);
			sourceTree = "<group>";
		};
		B56ED13327EBC4D60086A2FD /* Products */ = {
			isa = PBXGroup;
			children = (
				B56ED13227EBC4D60086A2FD /* NewsApp.app */,
			);
			name = Products;
			sourceTree = "<group>";
		};
		B56ED13427EBC4D60086A2FD /* NewsApp */ = {
			isa = PBXGroup;
			children = (
				B56ED13527EBC4D60086A2FD /* NewsAppApp.swift */,
				B56ED14427EBC6650086A2FD /* Models */,
				B56ED14727EBC6A70086A2FD /* Views */,
				B56ED14327EBC65E0086A2FD /* ViewModels */,
				B56ED14527EBC6690086A2FD /* Services */,
				B56ED14627EBC6710086A2FD /* Resources */,
				B56ED13727EBC4D60086A2FD /* ContentView.swift */,
				B56ED13B27EBC4D70086A2FD /* Preview Content */,
			);
			path = NewsApp;
			sourceTree = "<group>";
		};
		B56ED13B27EBC4D70086A2FD /* Preview Content */ = {
			isa = PBXGroup;
			children = (
				B56ED13C27EBC4D70086A2FD /* Preview Assets.xcassets */,
			);
			path = "Preview Content";
			sourceTree = "<group>";
		};
		B56ED14327EBC65E0086A2FD /* ViewModels */ = {
			isa = PBXGroup;
			children = (
				B56ED15227EBD9C70086A2FD /* ArticleNewsViewModel.swift */,
				B56ED15427EBD9D50086A2FD /* ArticleBookMarkViewModel.swift */,
				B56ED15627EBD9E20086A2FD /* ArticleSearchViewModel.swift */,
			);
			path = ViewModels;
			sourceTree = "<group>";
		};
		B56ED14427EBC6650086A2FD /* Models */ = {
			isa = PBXGroup;
			children = (
				B56ED14A27EBC8CD0086A2FD /* Category.swift */,
				B56ED14C27EBC8D30086A2FD /* Article.swift */,
				B56ED14E27EBC8DD0086A2FD /* NewsAPIResponse.swift */,
				B56ED15027EBC8E50086A2FD /* DataStore.swift */,
			);
			path = Models;
			sourceTree = "<group>";
		};
		B56ED14527EBC6690086A2FD /* Services */ = {
			isa = PBXGroup;
			children = (
				B56ED14827EBC6F30086A2FD /* NewsAPI.swift */,
			);
			path = Services;
			sourceTree = "<group>";
		};
		B56ED14627EBC6710086A2FD /* Resources */ = {
			isa = PBXGroup;
			children = (
				B56ED15B27EBF9720086A2FD /* news.json */,
				B56ED13927EBC4D70086A2FD /* Assets.xcassets */,
			);
			path = Resources;
			sourceTree = "<group>";
		};
		B56ED14727EBC6A70086A2FD /* Views */ = {
			isa = PBXGroup;
			children = (
			);
			path = Views;
			sourceTree = "<group>";
		};
/* End PBXGroup section */

/* Begin PBXNativeTarget section */
		B56ED13127EBC4D60086A2FD /* NewsApp */ = {
			isa = PBXNativeTarget;
			buildConfigurationList = B56ED14027EBC4D70086A2FD /* Build configuration list for PBXNativeTarget "NewsApp" */;
			buildPhases = (
				B56ED12E27EBC4D60086A2FD /* Sources */,
				B56ED12F27EBC4D60086A2FD /* Frameworks */,
				B56ED13027EBC4D60086A2FD /* Resources */,
			);
			buildRules = (
			);
			dependencies = (
			);
			name = NewsApp;
			productName = NewsApp;
			productReference = B56ED13227EBC4D60086A2FD /* NewsApp.app */;
			productType = "com.apple.product-type.application";
		};
/* End PBXNativeTarget section */

/* Begin PBXProject section */
		B56ED12A27EBC4D60086A2FD /* Project object */ = {
			isa = PBXProject;
			attributes = {
				BuildIndependentTargetsInParallel = 1;
				LastSwiftUpdateCheck = 1330;
				LastUpgradeCheck = 1330;
				TargetAttributes = {
					B56ED13127EBC4D60086A2FD = {
						CreatedOnToolsVersion = 13.3;
					};
				};
			};
			buildConfigurationList = B56ED12D27EBC4D60086A2FD /* Build configuration list for PBXProject "NewsApp" */;
			compatibilityVersion = "Xcode 13.0";
			developmentRegion = en;
			hasScannedForEncodings = 0;
			knownRegions = (
				en,
				Base,
			);
			mainGroup = B56ED12927EBC4D60086A2FD;
			productRefGroup = B56ED13327EBC4D60086A2FD /* Products */;
			projectDirPath = "";
			projectRoot = "";
			targets = (
				B56ED13127EBC4D60086A2FD /* NewsApp */,
			);
		};
/* End PBXProject section */

/* Begin PBXResourcesBuildPhase section */
		B56ED13027EBC4D60086A2FD /* Resources */ = {
			isa = PBXResourcesBuildPhase;
			buildActionMask = 2147483647;
			files = (
				B56ED15C27EBF9720086A2FD /* news.json in Resources */,
				B56ED13D27EBC4D70086A2FD /* Preview Assets.xcassets in Resources */,
				B56ED13A27EBC4D70086A2FD /* Assets.xcassets in Resources */,
			);
			runOnlyForDeploymentPostprocessing = 0;
		};
/* End PBXResourcesBuildPhase section */

/* Begin PBXSourcesBuildPhase section */
		B56ED12E27EBC4D60086A2FD /* Sources */ = {
			isa = PBXSourcesBuildPhase;
			buildActionMask = 2147483647;
			files = (
				B56ED15127EBC8E50086A2FD /* DataStore.swift in Sources */,
				B56ED15527EBD9D50086A2FD /* ArticleBookMarkViewModel.swift in Sources */,
				B56ED14F27EBC8DD0086A2FD /* NewsAPIResponse.swift in Sources */,
				B56ED15327EBD9C70086A2FD /* ArticleNewsViewModel.swift in Sources */,
				B56ED13827EBC4D60086A2FD /* ContentView.swift in Sources */,
				B56ED13627EBC4D60086A2FD /* NewsAppApp.swift in Sources */,
				B56ED14927EBC6F30086A2FD /* NewsAPI.swift in Sources */,
				B56ED15727EBD9E20086A2FD /* ArticleSearchViewModel.swift in Sources */,
				B56ED14B27EBC8CD0086A2FD /* Category.swift in Sources */,
				B56ED14D27EBC8D30086A2FD /* Article.swift in Sources */,
			);
			runOnlyForDeploymentPostprocessing = 0;
		};
/* End PBXSourcesBuildPhase section */

/* Begin XCBuildConfiguration section */
		B56ED13E27EBC4D70086A2FD /* Debug */ = {
			isa = XCBuildConfiguration;
			buildSettings = {
				ALWAYS_SEARCH_USER_PATHS = NO;
				CLANG_ANALYZER_NONNULL = YES;
				CLANG_ANALYZER_NUMBER_OBJECT_CONVERSION = YES_AGGRESSIVE;
				CLANG_CXX_LANGUAGE_STANDARD = "gnu++17";
				CLANG_ENABLE_MODULES = YES;
				CLANG_ENABLE_OBJC_ARC = YES;
				CLANG_ENABLE_OBJC_WEAK = YES;
				CLANG_WARN_BLOCK_CAPTURE_AUTORELEASING = YES;
				CLANG_WARN_BOOL_CONVERSION = YES;
				CLANG_WARN_COMMA = YES;
				CLANG_WARN_CONSTANT_CONVERSION = YES;
				CLANG_WARN_DEPRECATED_OBJC_IMPLEMENTATIONS = YES;
				CLANG_WARN_DIRECT_OBJC_ISA_USAGE = YES_ERROR;
				CLANG_WARN_DOCUMENTATION_COMMENTS = YES;
				CLANG_WARN_EMPTY_BODY = YES;
				CLANG_WARN_ENUM_CONVERSION = YES;
				CLANG_WARN_INFINITE_RECURSION = YES;
				CLANG_WARN_INT_CONVERSION = YES;
				CLANG_WARN_NON_LITERAL_NULL_CONVERSION = YES;
				CLANG_WARN_OBJC_IMPLICIT_RETAIN_SELF = YES;
				CLANG_WARN_OBJC_LITERAL_CONVERSION = YES;
				CLANG_WARN_OBJC_ROOT_CLASS = YES_ERROR;
				CLANG_WARN_QUOTED_INCLUDE_IN_FRAMEWORK_HEADER = YES;
				CLANG_WARN_RANGE_LOOP_ANALYSIS = YES;
				CLANG_WARN_STRICT_PROTOTYPES = YES;
				CLANG_WARN_SUSPICIOUS_MOVE = YES;
				CLANG_WARN_UNGUARDED_AVAILABILITY = YES_AGGRESSIVE;
				CLANG_WARN_UNREACHABLE_CODE = YES;
				CLANG_WARN__DUPLICATE_METHOD_MATCH = YES;
				COPY_PHASE_STRIP = NO;
				DEBUG_INFORMATION_FORMAT = dwarf;
				ENABLE_STRICT_OBJC_MSGSEND = YES;
				ENABLE_TESTABILITY = YES;
				GCC_C_LANGUAGE_STANDARD = gnu11;
				GCC_DYNAMIC_NO_PIC = NO;
				GCC_NO_COMMON_BLOCKS = YES;
				GCC_OPTIMIZATION_LEVEL = 0;
				GCC_PREPROCESSOR_DEFINITIONS = (
					"DEBUG=1",
					"$(inherited)",
				);
				GCC_WARN_64_TO_32_BIT_CONVERSION = YES;
				GCC_WARN_ABOUT_RETURN_TYPE = YES_ERROR;
				GCC_WARN_UNDECLARED_SELECTOR = YES;
				GCC_WARN_UNINITIALIZED_AUTOS = YES_AGGRESSIVE;
				GCC_WARN_UNUSED_FUNCTION = YES;
				GCC_WARN_UNUSED_VARIABLE = YES;
				IPHONEOS_DEPLOYMENT_TARGET = 15.4;
				MTL_ENABLE_DEBUG_INFO = INCLUDE_SOURCE;
				MTL_FAST_MATH = YES;
				ONLY_ACTIVE_ARCH = YES;
				SDKROOT = iphoneos;
				SWIFT_ACTIVE_COMPILATION_CONDITIONS = DEBUG;
				SWIFT_OPTIMIZATION_LEVEL = "-Onone";
			};
			name = Debug;
		};
		B56ED13F27EBC4D70086A2FD /* Release */ = {
			isa = XCBuildConfiguration;
			buildSettings = {
				ALWAYS_SEARCH_USER_PATHS = NO;
				CLANG_ANALYZER_NONNULL = YES;
				CLANG_ANALYZER_NUMBER_OBJECT_CONVERSION = YES_AGGRESSIVE;
				CLANG_CXX_LANGUAGE_STANDARD = "gnu++17";
				CLANG_ENABLE_MODULES = YES;
				CLANG_ENABLE_OBJC_ARC = YES;
				CLANG_ENABLE_OBJC_WEAK = YES;
				CLANG_WARN_BLOCK_CAPTURE_AUTORELEASING = YES;
				CLANG_WARN_BOOL_CONVERSION = YES;
				CLANG_WARN_COMMA = YES;
				CLANG_WARN_CONSTANT_CONVERSION = YES;
				CLANG_WARN_DEPRECATED_OBJC_IMPLEMENTATIONS = YES;
				CLANG_WARN_DIRECT_OBJC_ISA_USAGE = YES_ERROR;
				CLANG_WARN_DOCUMENTATION_COMMENTS = YES;
				CLANG_WARN_EMPTY_BODY = YES;
				CLANG_WARN_ENUM_CONVERSION = YES;
				CLANG_WARN_INFINITE_RECURSION = YES;
				CLANG_WARN_INT_CONVERSION = YES;
				CLANG_WARN_NON_LITERAL_NULL_CONVERSION = YES;
				CLANG_WARN_OBJC_IMPLICIT_RETAIN_SELF = YES;
				CLANG_WARN_OBJC_LITERAL_CONVERSION = YES;
				CLANG_WARN_OBJC_ROOT_CLASS = YES_ERROR;
				CLANG_WARN_QUOTED_INCLUDE_IN_FRAMEWORK_HEADER = YES;
				CLANG_WARN_RANGE_LOOP_ANALYSIS = YES;
				CLANG_WARN_STRICT_PROTOTYPES = YES;
				CLANG_WARN_SUSPICIOUS_MOVE = YES;
				CLANG_WARN_UNGUARDED_AVAILABILITY = YES_AGGRESSIVE;
				CLANG_WARN_UNREACHABLE_CODE = YES;
				CLANG_WARN__DUPLICATE_METHOD_MATCH = YES;
				COPY_PHASE_STRIP = NO;
				DEBUG_INFORMATION_FORMAT = "dwarf-with-dsym";
				ENABLE_NS_ASSERTIONS = NO;
				ENABLE_STRICT_OBJC_MSGSEND = YES;
				GCC_C_LANGUAGE_STANDARD = gnu11;
				GCC_NO_COMMON_BLOCKS = YES;
				GCC_WARN_64_TO_32_BIT_CONVERSION = YES;
				GCC_WARN_ABOUT_RETURN_TYPE = YES_ERROR;
				GCC_WARN_UNDECLARED_SELECTOR = YES;
				GCC_WARN_UNINITIALIZED_AUTOS = YES_AGGRESSIVE;
				GCC_WARN_UNUSED_FUNCTION = YES;
				GCC_WARN_UNUSED_VARIABLE = YES;
				IPHONEOS_DEPLOYMENT_TARGET = 15.4;
				MTL_ENABLE_DEBUG_INFO = NO;
				MTL_FAST_MATH = YES;
				SDKROOT = iphoneos;
				SWIFT_COMPILATION_MODE = wholemodule;
				SWIFT_OPTIMIZATION_LEVEL = "-O";
				VALIDATE_PRODUCT = YES;
			};
			name = Release;
		};
		B56ED14127EBC4D70086A2FD /* Debug */ = {
			isa = XCBuildConfiguration;
			buildSettings = {
				ASSETCATALOG_COMPILER_APPICON_NAME = AppIcon;
				ASSETCATALOG_COMPILER_GLOBAL_ACCENT_COLOR_NAME = AccentColor;
				CODE_SIGN_STYLE = Automatic;
				CURRENT_PROJECT_VERSION = 1;
				DEVELOPMENT_ASSET_PATHS = "\"NewsApp/Preview Content\"";
				ENABLE_PREVIEWS = YES;
				GENERATE_INFOPLIST_FILE = YES;
				INFOPLIST_KEY_UIApplicationSceneManifest_Generation = YES;
				INFOPLIST_KEY_UIApplicationSupportsIndirectInputEvents = YES;
				INFOPLIST_KEY_UILaunchScreen_Generation = YES;
				INFOPLIST_KEY_UISupportedInterfaceOrientations_iPad = "UIInterfaceOrientationPortrait UIInterfaceOrientationPortraitUpsideDown UIInterfaceOrientationLandscapeLeft UIInterfaceOrientationLandscapeRight";
				INFOPLIST_KEY_UISupportedInterfaceOrientations_iPhone = "UIInterfaceOrientationPortrait UIInterfaceOrientationLandscapeLeft UIInterfaceOrientationLandscapeRight";
				LD_RUNPATH_SEARCH_PATHS = (
					"$(inherited)",
					"@executable_path/Frameworks",
				);
				MARKETING_VERSION = 1.0;
				PRODUCT_BUNDLE_IDENTIFIER = com.mehdi.NewsApp;
				PRODUCT_NAME = "$(TARGET_NAME)";
				SWIFT_EMIT_LOC_STRINGS = YES;
				SWIFT_VERSION = 5.0;
				TARGETED_DEVICE_FAMILY = "1,2";
			};
			name = Debug;
		};
		B56ED14227EBC4D70086A2FD /* Release */ = {
			isa = XCBuildConfiguration;
			buildSettings = {
				ASSETCATALOG_COMPILER_APPICON_NAME = AppIcon;
				ASSETCATALOG_COMPILER_GLOBAL_ACCENT_COLOR_NAME = AccentColor;
				CODE_SIGN_STYLE = Automatic;
				CURRENT_PROJECT_VERSION = 1;
				DEVELOPMENT_ASSET_PATHS = "\"NewsApp/Preview Content\"";
				ENABLE_PREVIEWS = YES;
				GENERATE_INFOPLIST_FILE = YES;
				INFOPLIST_KEY_UIApplicationSceneManifest_Generation = YES;
				INFOPLIST_KEY_UIApplicationSupportsIndirectInputEvents = YES;
				INFOPLIST_KEY_UILaunchScreen_Generation = YES;
				INFOPLIST_KEY_UISupportedInterfaceOrientations_iPad = "UIInterfaceOrientationPortrait UIInterfaceOrientationPortraitUpsideDown UIInterfaceOrientationLandscapeLeft UIInterfaceOrientationLandscapeRight";
				INFOPLIST_KEY_UISupportedInterfaceOrientations_iPhone = "UIInterfaceOrientationPortrait UIInterfaceOrientationLandscapeLeft UIInterfaceOrientationLandscapeRight";
				LD_RUNPATH_SEARCH_PATHS = (
					"$(inherited)",
					"@executable_path/Frameworks",
				);
				MARKETING_VERSION = 1.0;
				PRODUCT_BUNDLE_IDENTIFIER = com.mehdi.NewsApp;
				PRODUCT_NAME = "$(TARGET_NAME)";
				SWIFT_EMIT_LOC_STRINGS = YES;
				SWIFT_VERSION = 5.0;
				TARGETED_DEVICE_FAMILY = "1,2";
			};
			name = Release;
		};
/* End XCBuildConfiguration section */

/* Begin XCConfigurationList section */
		B56ED12D27EBC4D60086A2FD /* Build configuration list for PBXProject "NewsApp" */ = {
			isa = XCConfigurationList;
			buildConfigurations = (
				B56ED13E27EBC4D70086A2FD /* Debug */,
				B56ED13F27EBC4D70086A2FD /* Release */,
			);
			defaultConfigurationIsVisible = 0;
			defaultConfigurationName = Release;
		};
		B56ED14027EBC4D70086A2FD /* Build configuration list for PBXNativeTarget "NewsApp" */ = {
			isa = XCConfigurationList;
			buildConfigurations = (
				B56ED14127EBC4D70086A2FD /* Debug */,
				B56ED14227EBC4D70086A2FD /* Release */,
			);
			defaultConfigurationIsVisible = 0;
			defaultConfigurationName = Release;
		};
/* End XCConfigurationList section */
	};
	rootObject = B56ED12A27EBC4D60086A2FD /* Project object */;
}
